
Microsoft Visual Studio Solution File, Format Version 12.00
# Visual Studio Version 17
VisualStudioVersion = 17.9.34616.47
MinimumVisualStudioVersion = 10.0.40219.1
Project("{8BC9CEB8-8B4A-11D0-8D11-00A0C91BC942}") = "Constructor_0050", "Constructor_0050.vcxproj", "{DFD088C1-A50F-4018-9189-F8F6AD3DF214}"
EndProject
Project("{8BC9CEB8-8B4A-11D0-8D11-00A0C91BC942}") = "mbrStatikfunc", "..\mbrStatikfunc\mbrStatikfunc.vcxproj", "{3866DE82-0A26-4842-9FF2-8F0E8E38C73C}"
EndProject
Project("{8BC9CEB8-8B4A-11D0-8D11-00A0C91BC942}") = "Construktor", "..\Construktor\Construktor.vcxproj", "{FE31594C-4B48-43D5-A767-37FEFDC8DDDB}"
EndProject
Project("{8BC9CEB8-8B4A-11D0-8D11-00A0C91BC942}") = "Destruktor", "..\Destruktor\Destruktor.vcxproj", "{7383426D-C3AD-41D9-A35E-0ABCD49ED421}"
EndProject
Global
	GlobalSection(SolutionConfigurationPlatforms) = preSolution
		Debug|x64 = Debug|x64
		Debug|x86 = Debug|x86
		Release|x64 = Release|x64
		Release|x86 = Release|x86
	EndGlobalSection
	GlobalSection(ProjectConfigurationPlatforms) = postSolution
		{DFD088C1-A50F-4018-9189-F8F6AD3DF214}.Debug|x64.ActiveCfg = Debug|x64
		{DFD088C1-A50F-4018-9189-F8F6AD3DF214}.Debug|x64.Build.0 = Debug|x64
		{DFD088C1-A50F-4018-9189-F8F6AD3DF214}.Debug|x86.ActiveCfg = Debug|Win32
		{DFD088C1-A50F-4018-9189-F8F6AD3DF214}.Debug|x86.Build.0 = Debug|Win32
		{DFD088C1-A50F-4018-9189-F8F6AD3DF214}.Release|x64.ActiveCfg = Release|x64
		{DFD088C1-A50F-4018-9189-F8F6AD3DF214}.Release|x64.Build.0 = Release|x64
		{DFD088C1-A50F-4018-9189-F8F6AD3DF214}.Release|x86.ActiveCfg = Release|Win32
		{DFD088C1-A50F-4018-9189-F8F6AD3DF214}.Release|x86.Build.0 = Release|Win32
		{3866DE82-0A26-4842-9FF2-8F0E8E38C73C}.Debug|x64.ActiveCfg = Debug|x64
		{3866DE82-0A26-4842-9FF2-8F0E8E38C73C}.Debug|x64.Build.0 = Debug|x64
		{3866DE82-0A26-4842-9FF2-8F0E8E38C73C}.Debug|x86.ActiveCfg = Debug|Win32
		{3866DE82-0A26-4842-9FF2-8F0E8E38C73C}.Debug|x86.Build.0 = Debug|Win32
		{3866DE82-0A26-4842-9FF2-8F0E8E38C73C}.Release|x64.ActiveCfg = Release|x64
		{3866DE82-0A26-4842-9FF2-8F0E8E38C73C}.Release|x64.Build.0 = Release|x64
		{3866DE82-0A26-4842-9FF2-8F0E8E38C73C}.Release|x86.ActiveCfg = Release|Win32
		{3866DE82-0A26-4842-9FF2-8F0E8E38C73C}.Release|x86.Build.0 = Release|Win32
		{FE31594C-4B48-43D5-A767-37FEFDC8DDDB}.Debug|x64.ActiveCfg = Debug|x64
		{FE31594C-4B48-43D5-A767-37FEFDC8DDDB}.Debug|x64.Build.0 = Debug|x64
		{FE31594C-4B48-43D5-A767-37FEFDC8DDDB}.Debug|x86.ActiveCfg = Debug|Win32
		{FE31594C-4B48-43D5-A767-37FEFDC8DDDB}.Debug|x86.Build.0 = Debug|Win32
		{FE31594C-4B48-43D5-A767-37FEFDC8DDDB}.Release|x64.ActiveCfg = Release|x64
		{FE31594C-4B48-43D5-A767-37FEFDC8DDDB}.Release|x64.Build.0 = Release|x64
		{FE31594C-4B48-43D5-A767-37FEFDC8DDDB}.Release|x86.ActiveCfg = Release|Win32
		{FE31594C-4B48-43D5-A767-37FEFDC8DDDB}.Release|x86.Build.0 = Release|Win32
		{7383426D-C3AD-41D9-A35E-0ABCD49ED421}.Debug|x64.ActiveCfg = Debug|x64
		{7383426D-C3AD-41D9-A35E-0ABCD49ED421}.Debug|x64.Build.0 = Debug|x64
		{7383426D-C3AD-41D9-A35E-0ABCD49ED421}.Debug|x86.ActiveCfg = Debug|Win32
		{7383426D-C3AD-41D9-A35E-0ABCD49ED421}.Debug|x86.Build.0 = Debug|Win32
		{7383426D-C3AD-41D9-A35E-0ABCD49ED421}.Release|x64.ActiveCfg = Release|x64
		{7383426D-C3AD-41D9-A35E-0ABCD49ED421}.Release|x64.Build.0 = Release|x64
		{7383426D-C3AD-41D9-A35E-0ABCD49ED421}.Release|x86.ActiveCfg = Release|Win32
		{7383426D-C3AD-41D9-A35E-0ABCD49ED421}.Release|x86.Build.0 = Release|Win32
	EndGlobalSection
	GlobalSection(SolutionProperties) = preSolution
		HideSolutionNode = FALSE
	EndGlobalSection
	GlobalSection(ExtensibilityGlobals) = postSolution
		SolutionGuid = {892D06D1-5966-4E9E-9EFE-9938245908CB}
	EndGlobalSection
EndGlobal
